
Microsoft Visual Studio Solution File, Format Version 12.00
Project("{2150E333-8FDC-42A3-9474-1A3956D46DE8}") = "Solution Items", "Solution Items", "{FCB2F217-A1A6-45A6-8916-327F45A0E384}"
	ProjectSection(SolutionItems) = preProject
		.github\CODEOWNERS = .github\CODEOWNERS
		LICENSE = LICENSE
		.gitignore = .gitignore
	EndProjectSection
EndProject
Project("{FAE04EC0-301F-11D3-BF4B-00C04F79EFBC}") = "jrgnsn.net.Web.Client", "src\jrgnsn.net.Web.Client\jrgnsn.net.Web.Client.csproj", "{2A0769D0-4B75-44D4-AA62-6450B8639C83}"
EndProject
Project("{FAE04EC0-301F-11D3-BF4B-00C04F79EFBC}") = "jrgnsn.net.Core", "src\jrgnsn.net.Core\jrgnsn.net.Core.csproj", "{1ED0EA5B-DFCD-45D8-968D-61353179A473}"
EndProject
Project("{FAE04EC0-301F-11D3-BF4B-00C04F79EFBC}") = "jrgnsn.net.Web.Api", "src\jrgnsn.net.Web.Api\jrgnsn.net.Web.Api.csproj", "{741DC0E6-FFF9-47A1-82D3-D18EFDD5882E}"
EndProject
Project("{FAE04EC0-301F-11D3-BF4B-00C04F79EFBC}") = "jrgnsn.net.Infrastructure", "src\jrgnsn.net.Infrastructure\jrgnsn.net.Infrastructure.csproj", "{EF2EADFF-672C-4739-8B56-EEDE267250B9}"
EndProject
Project("{2150E333-8FDC-42A3-9474-1A3956D46DE8}") = "src", "src", "{58276872-76A7-41A6-B867-36AFE0C90F01}"
EndProject
Project("{2150E333-8FDC-42A3-9474-1A3956D46DE8}") = "tests", "tests", "{B433F00A-ED2B-41B0-87EC-4AF7ADE21C45}"
EndProject
Project("{FAE04EC0-301F-11D3-BF4B-00C04F79EFBC}") = "jrgnsn.net.Core.Tests", "tests\jrgnsn.net.Core.Tests\jrgnsn.net.Core.Tests.csproj", "{01A0C4AC-76AA-4D9A-A6C0-CDA6D8559493}"
EndProject
Project("{FAE04EC0-301F-11D3-BF4B-00C04F79EFBC}") = "jrgnsn.net.Tests.Helpers", "tests\jrgnsn.net.Tests.Helpers\jrgnsn.net.Tests.Helpers.csproj", "{6BCAA5EC-B5C5-4E00-8621-277CF39525B0}"
EndProject
Project("{FAE04EC0-301F-11D3-BF4B-00C04F79EFBC}") = "jrgnsn.net.Web.Client.Tests", "tests\jrgnsn.net.Web.Client.Tests\jrgnsn.net.Web.Client.Tests.csproj", "{CA7F7EBE-245C-46B6-A882-F961403F7031}"
EndProject
Project("{2150E333-8FDC-42A3-9474-1A3956D46DE8}") = "CI Workflows", "CI Workflows", "{062433DF-418F-4326-96B4-799C472E42FF}"
	ProjectSection(SolutionItems) = preProject
		.github\dependabot.yml = .github\dependabot.yml
		.github\FUNDING.yml = .github\FUNDING.yml
	EndProjectSection
EndProject
Global
	GlobalSection(SolutionConfigurationPlatforms) = preSolution
		Debug|Any CPU = Debug|Any CPU
		Release|Any CPU = Release|Any CPU
	EndGlobalSection
	GlobalSection(ProjectConfigurationPlatforms) = postSolution
		{2A0769D0-4B75-44D4-AA62-6450B8639C83}.Debug|Any CPU.ActiveCfg = Debug|Any CPU
		{2A0769D0-4B75-44D4-AA62-6450B8639C83}.Debug|Any CPU.Build.0 = Debug|Any CPU
		{2A0769D0-4B75-44D4-AA62-6450B8639C83}.Release|Any CPU.ActiveCfg = Release|Any CPU
		{2A0769D0-4B75-44D4-AA62-6450B8639C83}.Release|Any CPU.Build.0 = Release|Any CPU
		{1ED0EA5B-DFCD-45D8-968D-61353179A473}.Debug|Any CPU.ActiveCfg = Debug|Any CPU
		{1ED0EA5B-DFCD-45D8-968D-61353179A473}.Debug|Any CPU.Build.0 = Debug|Any CPU
		{1ED0EA5B-DFCD-45D8-968D-61353179A473}.Release|Any CPU.ActiveCfg = Release|Any CPU
		{1ED0EA5B-DFCD-45D8-968D-61353179A473}.Release|Any CPU.Build.0 = Release|Any CPU
		{741DC0E6-FFF9-47A1-82D3-D18EFDD5882E}.Debug|Any CPU.ActiveCfg = Debug|Any CPU
		{741DC0E6-FFF9-47A1-82D3-D18EFDD5882E}.Debug|Any CPU.Build.0 = Debug|Any CPU
		{741DC0E6-FFF9-47A1-82D3-D18EFDD5882E}.Release|Any CPU.ActiveCfg = Release|Any CPU
		{741DC0E6-FFF9-47A1-82D3-D18EFDD5882E}.Release|Any CPU.Build.0 = Release|Any CPU
		{EF2EADFF-672C-4739-8B56-EEDE267250B9}.Debug|Any CPU.ActiveCfg = Debug|Any CPU
		{EF2EADFF-672C-4739-8B56-EEDE267250B9}.Debug|Any CPU.Build.0 = Debug|Any CPU
		{EF2EADFF-672C-4739-8B56-EEDE267250B9}.Release|Any CPU.ActiveCfg = Release|Any CPU
		{EF2EADFF-672C-4739-8B56-EEDE267250B9}.Release|Any CPU.Build.0 = Release|Any CPU
		{01A0C4AC-76AA-4D9A-A6C0-CDA6D8559493}.Debug|Any CPU.ActiveCfg = Debug|Any CPU
		{01A0C4AC-76AA-4D9A-A6C0-CDA6D8559493}.Debug|Any CPU.Build.0 = Debug|Any CPU
		{01A0C4AC-76AA-4D9A-A6C0-CDA6D8559493}.Release|Any CPU.ActiveCfg = Release|Any CPU
		{01A0C4AC-76AA-4D9A-A6C0-CDA6D8559493}.Release|Any CPU.Build.0 = Release|Any CPU
		{6BCAA5EC-B5C5-4E00-8621-277CF39525B0}.Debug|Any CPU.ActiveCfg = Debug|Any CPU
		{6BCAA5EC-B5C5-4E00-8621-277CF39525B0}.Debug|Any CPU.Build.0 = Debug|Any CPU
		{6BCAA5EC-B5C5-4E00-8621-277CF39525B0}.Release|Any CPU.ActiveCfg = Release|Any CPU
		{6BCAA5EC-B5C5-4E00-8621-277CF39525B0}.Release|Any CPU.Build.0 = Release|Any CPU
		{CA7F7EBE-245C-46B6-A882-F961403F7031}.Debug|Any CPU.ActiveCfg = Debug|Any CPU
		{CA7F7EBE-245C-46B6-A882-F961403F7031}.Debug|Any CPU.Build.0 = Debug|Any CPU
		{CA7F7EBE-245C-46B6-A882-F961403F7031}.Release|Any CPU.ActiveCfg = Release|Any CPU
		{CA7F7EBE-245C-46B6-A882-F961403F7031}.Release|Any CPU.Build.0 = Release|Any CPU
	EndGlobalSection
	GlobalSection(NestedProjects) = preSolution
		{1ED0EA5B-DFCD-45D8-968D-61353179A473} = {58276872-76A7-41A6-B867-36AFE0C90F01}
		{EF2EADFF-672C-4739-8B56-EEDE267250B9} = {58276872-76A7-41A6-B867-36AFE0C90F01}
		{741DC0E6-FFF9-47A1-82D3-D18EFDD5882E} = {58276872-76A7-41A6-B867-36AFE0C90F01}
		{2A0769D0-4B75-44D4-AA62-6450B8639C83} = {58276872-76A7-41A6-B867-36AFE0C90F01}
		{01A0C4AC-76AA-4D9A-A6C0-CDA6D8559493} = {B433F00A-ED2B-41B0-87EC-4AF7ADE21C45}
		{6BCAA5EC-B5C5-4E00-8621-277CF39525B0} = {B433F00A-ED2B-41B0-87EC-4AF7ADE21C45}
		{CA7F7EBE-245C-46B6-A882-F961403F7031} = {B433F00A-ED2B-41B0-87EC-4AF7ADE21C45}
		{062433DF-418F-4326-96B4-799C472E42FF} = {FCB2F217-A1A6-45A6-8916-327F45A0E384}
	EndGlobalSection
EndGlobal
